
Microsoft Visual Studio Solution File, Format Version 12.00
# Visual Studio 15
VisualStudioVersion = 15.0.27130.2010
MinimumVisualStudioVersion = 10.0.40219.1
Project("{FAE04EC0-301F-11D3-BF4B-00C04F79EFBC}") = "PollingMVC_CS", "PollingMVC_CS\PollingMVC_CS.csproj", "{BF861D1B-FB03-4158-A7B5-BAA0C6D138CE}"
EndProject
Global
	GlobalSection(SolutionConfigurationPlatforms) = preSolution
		Debug|Any CPU = Debug|Any CPU
		Release|Any CPU = Release|Any CPU
	EndGlobalSection
	GlobalSection(ProjectConfigurationPlatforms) = postSolution
		{BF861D1B-FB03-4158-A7B5-BAA0C6D138CE}.Debug|Any CPU.ActiveCfg = Debug|Any CPU
		{BF861D1B-FB03-4158-A7B5-BAA0C6D138CE}.Debug|Any CPU.Build.0 = Debug|Any CPU
		{BF861D1B-FB03-4158-A7B5-BAA0C6D138CE}.Release|Any CPU.ActiveCfg = Release|Any CPU
		{BF861D1B-FB03-4158-A7B5-BAA0C6D138CE}.Release|Any CPU.Build.0 = Release|Any CPU
	EndGlobalSection
	GlobalSection(SolutionProperties) = preSolution
		HideSolutionNode = FALSE
	EndGlobalSection
	GlobalSection(ExtensibilityGlobals) = postSolution
		SolutionGuid = {3870AA48-4EE0-43C7-9096-F4931CB10450}
	EndGlobalSection
EndGlobal
